<?xml version="1.0" encoding="utf-8"?>
<Project ToolsVersion="14.0" xmlns="http://schemas.microsoft.com/developer/msbuild/2003">
  <ItemGroup>
    <Filter Include="Resource Files">
      <UniqueIdentifier>{FF4861D8-3241-4CE3-8BD8-FDDDF64615B4}</UniqueIdentifier>
      <Extensions>rc;ico;cur;bmp;dlg;rc2;rct;bin;rgs;gif;jpg;jpeg;jpe;resx;tga;tiff;tif;png;wav;mfcribbon-ms</Extensions>
    </Filter>
    <Filter Include="Source Files">
      <UniqueIdentifier>{2A6D6AF5-7D40-4157-A09D-8FAF8EAECE92}</UniqueIdentifier>
    </Filter>
    <Filter Include="Private Header Files">
      <UniqueIdentifier>{4092B02B-0708-4760-936B-0A5B66A60704}</UniqueIdentifier>
    </Filter>
    <Filter Include="Public Header Files">
      <UniqueIdentifier>{f54d8165-140c-47c4-8d6d-fe7fcce97b78}</UniqueIdentifier>
    </Filter>
    <Filter Include="Private Header Files %28Auto-Generated%29">
      <UniqueIdentifier>{fb2c29f6-b661-4b15-b61e-b8a88bec1ea7}</UniqueIdentifier>
    </Filter>
  </ItemGroup>
  <ItemGroup>
    <ClCompile Include="PerfectHashConstants.c">
      <Filter>Source Files</Filter>
    </ClCompile>
    <ClCompile Include="stdafx.c">
      <Filter>Source Files</Filter>
    </ClCompile>
    <ClCompile Include="PerfectHashAllocator.c">
      <Filter>Source Files</Filter>
    </ClCompile>
    <ClCompile Include="PerfectHashTableHash.c">
      <Filter>Source Files</Filter>
    </ClCompile>
    <ClCompile Include="PerfectHashTableLookup.c">
      <Filter>Source Files</Filter>
    </ClCompile>
    <ClCompile Include="PerfectHashTableMask.c">
      <Filter>Source Files</Filter>
    </ClCompile>
    <ClCompile Include="PerfectHashTableInsert.c">
      <Filter>Source Files</Filter>
    </ClCompile>
    <ClCompile Include="PerfectHashPrimes.c">
      <Filter>Source Files</Filter>
    </ClCompile>
    <ClCompile Include="PerfectHashTableDelete.c">
      <Filter>Source Files</Filter>
    </ClCompile>
    <ClCompile Include="Component.c">
      <Filter>Source Files</Filter>
    </ClCompile>
    <ClCompile Include="Rtl.c">
      <Filter>Source Files</Filter>
    </ClCompile>
    <ClCompile Include="SymbolLoader.c">
      <Filter>Source Files</Filter>
    </ClCompile>
    <ClCompile Include="PerfectHashContext.c">
      <Filter>Source Files</Filter>
    </ClCompile>
    <ClCompile Include="RtlPrivilege.c">
      <Filter>Source Files</Filter>
    </ClCompile>
    <ClCompile Include="PerfectHashTableLoad.c">
      <Filter>Source Files</Filter>
    </ClCompile>
    <ClCompile Include="PerfectHashKeysLoad.c">
      <Filter>Source Files</Filter>
    </ClCompile>
    <ClCompile Include="PerfectHashKeys.c">
      <Filter>Source Files</Filter>
    </ClCompile>
    <ClCompile Include="PerfectHashTls.c">
      <Filter>Source Files</Filter>
    </ClCompile>
    <ClCompile Include="RtlBuffers.c">
      <Filter>Source Files</Filter>
    </ClCompile>
    <ClCompile Include="RtlLargePages.c">
      <Filter>Source Files</Filter>
    </ClCompile>
    <ClCompile Include="RtlOutput.c">
      <Filter>Source Files</Filter>
    </ClCompile>
    <ClCompile Include="PerfectHashTableTest.c">
      <Filter>Source Files</Filter>
    </ClCompile>
    <ClCompile Include="dllmain.c">
      <Filter>Source Files</Filter>
    </ClCompile>
    <ClCompile Include="PerfectHashTable.c">
      <Filter>Source Files</Filter>
    </ClCompile>
    <ClCompile Include="RtlRandom.c">
      <Filter>Source Files</Filter>
    </ClCompile>
    <ClCompile Include="RtlErrorHandling.c">
      <Filter>Source Files</Filter>
    </ClCompile>
    <ClCompile Include="RtlMemory.c">
      <Filter>Source Files</Filter>
    </ClCompile>
    <ClCompile Include="PerfectHashErrorHandling.c">
      <Filter>Source Files</Filter>
    </ClCompile>
    <ClCompile Include="PerfectHashTableNames.c">
      <Filter>Source Files</Filter>
    </ClCompile>
    <ClCompile Include="PerfectHashContextSelfTest.c">
      <Filter>Source Files</Filter>
    </ClCompile>
    <ClCompile Include="Graph.c">
      <Filter>Source Files</Filter>
    </ClCompile>
    <ClCompile Include="PerfectHashTableCompile.c">
      <Filter>Source Files</Filter>
    </ClCompile>
    <ClCompile Include="PerfectHashFile.c">
      <Filter>Source Files</Filter>
    </ClCompile>
    <ClCompile Include="PerfectHashPath.c">
      <Filter>Source Files</Filter>
    </ClCompile>
    <ClCompile Include="Chm01FileWork.c">
      <Filter>Source Files</Filter>
    </ClCompile>
    <ClCompile Include="Chm01Index.c">
      <Filter>Source Files</Filter>
    </ClCompile>
    <ClCompile Include="PerfectHashTableCreate.c">
      <Filter>Source Files</Filter>
    </ClCompile>
    <ClCompile Include="Chm01.c">
      <Filter>Source Files</Filter>
    </ClCompile>
    <ClCompile Include="Chm01FileWorkCHeaderFile.c">
      <Filter>Source Files</Filter>
    </ClCompile>
    <ClCompile Include="Chm01FileWorkTableFile.c">
      <Filter>Source Files</Filter>
    </ClCompile>
    <ClCompile Include="Chm01FileWorkTableInfoStream.c">
      <Filter>Source Files</Filter>
    </ClCompile>
    <ClCompile Include="Chm01FileWorkCSourceFile.c">
      <Filter>Source Files</Filter>
    </ClCompile>
    <ClCompile Include="Chm01FileWorkCSourceKeysFile.c">
      <Filter>Source Files</Filter>
    </ClCompile>
    <ClCompile Include="Chm01FileWorkCSourceTableDataFile.c">
      <Filter>Source Files</Filter>
    </ClCompile>
    <ClCompile Include="PerfectHashDirectory.c">
      <Filter>Source Files</Filter>
    </ClCompile>
    <ClCompile Include="GuardedList.c">
      <Filter>Source Files</Filter>
    </ClCompile>
    <ClCompile Include="Security.c">
      <Filter>Source Files</Filter>
    </ClCompile>
    <ClCompile Include="Chm01FileWorkVCProjectDllFile.c">
      <Filter>Source Files</Filter>
    </ClCompile>
    <ClCompile Include="Chunk.c">
      <Filter>Source Files</Filter>
    </ClCompile>
    <ClCompile Include="Chm01FileWorkCHeaderStdAfxFile.c">
      <Filter>Source Files</Filter>
    </ClCompile>
    <ClCompile Include="Chm01FileWorkCSourceStdAfxFile.c">
      <Filter>Source Files</Filter>
    </ClCompile>
    <ClCompile Include="VCProjectFileChunks.c">
      <Filter>Source Files</Filter>
    </ClCompile>
    <ClCompile Include="Chm01FileWorkCSourceTestFile.c">
      <Filter>Source Files</Filter>
    </ClCompile>
    <ClCompile Include="Chm01FileWorkCHeaderCompiledPerfectHashFile.c">
      <Filter>Source Files</Filter>
    </ClCompile>
    <ClCompile Include="Chm01FileWorkVCPropsCompiledPerfectHashFile.c">
      <Filter>Source Files</Filter>
    </ClCompile>
    <ClCompile Include="Chm01FileWorkCSourceTestExeFile.c">
      <Filter>Source Files</Filter>
    </ClCompile>
    <ClCompile Include="Chm01FileWorkVCProjectTestExeFile.c">
      <Filter>Source Files</Filter>
    </ClCompile>
    <ClCompile Include="Chm01FileWorkVSSolutionFile.c">
      <Filter>Source Files</Filter>
    </ClCompile>
    <ClCompile Include="Chm01FileWorkVCProjectBenchmarkIndexExeFile.c">
      <Filter>Source Files</Filter>
    </ClCompile>
    <ClCompile Include="Chm01FileWorkVCProjectBenchmarkFullExeFile.c">
      <Filter>Source Files</Filter>
    </ClCompile>
    <ClCompile Include="RtlUuid.c">
      <Filter>Source Files</Filter>
    </ClCompile>
    <ClCompile Include="Chm01FileWorkCSourceBenchmarkIndexExeFile.c">
      <Filter>Source Files</Filter>
    </ClCompile>
    <ClCompile Include="Chm01FileWorkCSourceBenchmarkIndexFile.c">
      <Filter>Source Files</Filter>
    </ClCompile>
    <ClCompile Include="Chm01FileWorkCSourceBenchmarkFullFile.c">
      <Filter>Source Files</Filter>
    </ClCompile>
    <ClCompile Include="Chm01FileWorkCSourceBenchmarkFullExeFile.c">
      <Filter>Source Files</Filter>
    </ClCompile>
    <ClCompile Include="Chm01FileWorkCHeaderSupportFile.c">
      <Filter>Source Files</Filter>
    </ClCompile>
    <ClCompile Include="Chm01FileWorkCSourceSupportFile.c">
      <Filter>Source Files</Filter>
    </ClCompile>
    <ClCompile Include="Chm01FileWorkCHeaderCompiledPerfectHashMacroGlueFile.c">
      <Filter>Source Files</Filter>
    </ClCompile>
    <ClCompile Include="GraphImpl1.c">
      <Filter>Source Files</Filter>
    </ClCompile>
    <ClCompile Include="PerfectHashContextBulkCreate.c">
      <Filter>Source Files</Filter>
    </ClCompile>
    <ClCompile Include="ExtractArg.c">
      <Filter>Source Files</Filter>
    </ClCompile>
    <ClCompile Include="PerfectHashKeysLoadTableSize.c">
      <Filter>Source Files</Filter>
    </ClCompile>
    <ClCompile Include="PerfectHashContextTableCreate.c">
      <Filter>Source Files</Filter>
    </ClCompile>
  </ItemGroup>
  <ItemGroup>
    <ClInclude Include="targetver.h">
      <Filter>Private Header Files</Filter>
    </ClInclude>
    <ClInclude Include="stdafx.h">
      <Filter>Private Header Files</Filter>
    </ClInclude>
    <ClInclude Include="..\..\include\PerfectHash.h">
      <Filter>Public Header Files</Filter>
    </ClInclude>
    <ClInclude Include="Rtl.h">
      <Filter>Private Header Files</Filter>
    </ClInclude>
    <ClInclude Include="Component.h">
      <Filter>Private Header Files</Filter>
    </ClInclude>
    <ClInclude Include="PerfectHashAllocator.h">
      <Filter>Private Header Files</Filter>
    </ClInclude>
    <ClInclude Include="PerfectHashContext.h">
      <Filter>Private Header Files</Filter>
    </ClInclude>
    <ClInclude Include="PerfectHashKeys.h">
      <Filter>Private Header Files</Filter>
    </ClInclude>
    <ClInclude Include="RtlOutput.h">
      <Filter>Private Header Files</Filter>
    </ClInclude>
    <ClInclude Include="PerfectHashTls.h">
      <Filter>Private Header Files</Filter>
    </ClInclude>
    <ClInclude Include="..\..\include\PerfectHashErrors.h">
      <Filter>Public Header Files</Filter>
    </ClInclude>
    <ClInclude Include="PerfectHashErrorHandling.h">
      <Filter>Private Header Files</Filter>
    </ClInclude>
    <ClInclude Include="PerfectHashConstants.h">
      <Filter>Private Header Files</Filter>
    </ClInclude>
    <ClInclude Include="PerfectHashTable.h">
      <Filter>Private Header Files</Filter>
    </ClInclude>
    <ClInclude Include="PerfectHashPrimes.h">
      <Filter>Private Header Files</Filter>
    </ClInclude>
    <ClInclude Include="Graph.h">
      <Filter>Private Header Files</Filter>
    </ClInclude>
    <ClInclude Include="PerfectHashFile.h">
      <Filter>Private Header Files</Filter>
    </ClInclude>
    <ClInclude Include="PerfectHashPath.h">
      <Filter>Private Header Files</Filter>
    </ClInclude>
    <ClInclude Include="PerfectHashPrivate.h">
      <Filter>Private Header Files</Filter>
    </ClInclude>
    <ClInclude Include="Chm01.h">
      <Filter>Private Header Files</Filter>
    </ClInclude>
    <ClInclude Include="..\..\include\CompiledPerfectHash.h">
      <Filter>Public Header Files</Filter>
    </ClInclude>
    <ClInclude Include="PerfectHashDirectory.h">
      <Filter>Private Header Files</Filter>
    </ClInclude>
    <ClInclude Include="GuardedList.h">
      <Filter>Private Header Files</Filter>
    </ClInclude>
    <ClInclude Include="PerfectHashFileWork.h">
      <Filter>Private Header Files</Filter>
    </ClInclude>
    <ClInclude Include="Chm01FileWork.h">
      <Filter>Private Header Files</Filter>
    </ClInclude>
    <ClInclude Include="Security.h">
      <Filter>Private Header Files</Filter>
    </ClInclude>
    <ClInclude Include="Chunk.h">
      <Filter>Private Header Files</Filter>
    </ClInclude>
    <ClInclude Include="VCProjectFileChunks.h">
      <Filter>Private Header Files</Filter>
    </ClInclude>
    <ClInclude Include="CompiledPerfectHashTableBenchmarkFull_CSource_RawCString.h">
      <Filter>Private Header Files %28Auto-Generated%29</Filter>
    </ClInclude>
    <ClInclude Include="CompiledPerfectHashTableBenchmarkFullExe_CSource_RawCString.h">
      <Filter>Private Header Files %28Auto-Generated%29</Filter>
    </ClInclude>
    <ClInclude Include="CompiledPerfectHashTableBenchmarkIndex_CSource_RawCString.h">
      <Filter>Private Header Files %28Auto-Generated%29</Filter>
    </ClInclude>
    <ClInclude Include="CompiledPerfectHashTableBenchmarkIndexExe_CSource_RawCString.h">
      <Filter>Private Header Files %28Auto-Generated%29</Filter>
    </ClInclude>
    <ClInclude Include="CompiledPerfectHashTableTest_CSource_RawCString.h">
      <Filter>Private Header Files %28Auto-Generated%29</Filter>
    </ClInclude>
    <ClInclude Include="CompiledPerfectHashTableTestExe_CSource_RawCString.h">
      <Filter>Private Header Files %28Auto-Generated%29</Filter>
    </ClInclude>
    <ClInclude Include="CompiledPerfectHash_CHeader_RawCString.h">
      <Filter>Private Header Files %28Auto-Generated%29</Filter>
    </ClInclude>
    <ClInclude Include="CompiledPerfectHash_VCProps_RawCString.h">
      <Filter>Private Header Files %28Auto-Generated%29</Filter>
    </ClInclude>
    <ClInclude Include="CompiledPerfectHashTableChm01IndexJenkinsAnd_CSource_RawCString.h">
      <Filter>Private Header Files %28Auto-Generated%29</Filter>
    </ClInclude>
    <ClInclude Include="CompiledPerfectHashTableChm01IndexJenkinsModAnd_CSource_RawCString.h">
      <Filter>Private Header Files %28Auto-Generated%29</Filter>
    </ClInclude>
    <ClInclude Include="CompiledPerfectHashTableChm01IndexRotateXorAnd_CSource_RawCString.h">
      <Filter>Private Header Files %28Auto-Generated%29</Filter>
    </ClInclude>
    <ClInclude Include="CompiledPerfectHashTableChm01IndexAddSubXorAnd_CSource_RawCString.h">
      <Filter>Private Header Files %28Auto-Generated%29</Filter>
    </ClInclude>
    <ClInclude Include="CompiledPerfectHashTableChm01IndexXorAnd_CSource_RawCString.h">
      <Filter>Private Header Files %28Auto-Generated%29</Filter>
    </ClInclude>
    <ClInclude Include="CompiledPerfectHashTableChm01IndexCrc32RotateAnd_CSource_RawCString.h">
      <Filter>Private Header Files %28Auto-Generated%29</Filter>
    </ClInclude>
    <ClInclude Include="CompiledPerfectHashTableSupport_CHeader_RawCString.h">
      <Filter>Private Header Files %28Auto-Generated%29</Filter>
    </ClInclude>
    <ClInclude Include="CompiledPerfectHashTableSupport_CSource_RawCString.h">
      <Filter>Private Header Files %28Auto-Generated%29</Filter>
    </ClInclude>
    <ClInclude Include="CompiledPerfectHashTableRoutinesPost_CSource_RawCString.h">
      <Filter>Private Header Files %28Auto-Generated%29</Filter>
    </ClInclude>
    <ClInclude Include="CompiledPerfectHashTableRoutinesPre_CSource_RawCString.h">
      <Filter>Private Header Files %28Auto-Generated%29</Filter>
    </ClInclude>
    <ClInclude Include="CompiledPerfectHashTableRoutines_CSource_RawCString.h">
      <Filter>Private Header Files %28Auto-Generated%29</Filter>
    </ClInclude>
    <ClInclude Include="CompiledPerfectHashTableMacroGlue_CSource_RawCString.h">
      <Filter>Private Header Files %28Auto-Generated%29</Filter>
    </ClInclude>
    <ClInclude Include="CompiledPerfectHashMacroGlue_CHeader_RawCString.h">
      <Filter>Private Header Files %28Auto-Generated%29</Filter>
    </ClInclude>
    <ClInclude Include="CompiledPerfectHashTableChm01IndexFnvAnd_CSource_RawCString.h">
      <Filter>Private Header Files %28Auto-Generated%29</Filter>
    </ClInclude>
    <ClInclude Include="CompiledPerfectHashTableChm01IndexCrc32And_CSource_RawCString.h">
      <Filter>Private Header Files %28Auto-Generated%29</Filter>
    </ClInclude>
    <ClInclude Include="CompiledPerfectHashTableChm01IndexDjbAnd_CSource_RawCString.h">
      <Filter>Private Header Files %28Auto-Generated%29</Filter>
    </ClInclude>
    <ClInclude Include="CompiledPerfectHashTableChm01IndexDjbXorAnd_CSource_RawCString.h">
      <Filter>Private Header Files %28Auto-Generated%29</Filter>
    </ClInclude>
    <ClInclude Include="GraphImpl.h">
      <Filter>Private Header Files</Filter>
    </ClInclude>
    <ClInclude Include="CompiledPerfectHashTableChm01IndexScratchAnd_CSource_RawCString.h">
      <Filter>Private Header Files %28Auto-Generated%29</Filter>
    </ClInclude>
    <ClInclude Include="CompiledPerfectHashTableChm01IndexCrc32RotateXorAnd_CSource_RawCString.h">
      <Filter>Private Header Files %28Auto-Generated%29</Filter>
    </ClInclude>
    <ClInclude Include="CompiledPerfectHashTableChm01IndexCrc32NotAnd_CSource_RawCString.h">
      <Filter>Private Header Files %28Auto-Generated%29</Filter>
    </ClInclude>
    <ClInclude Include="ExtractArg.h">
      <Filter>Private Header Files</Filter>
    </ClInclude>
    <ClInclude Include="BulkCreateCsv.h">
      <Filter>Private Header Files</Filter>
    </ClInclude>
    <ClInclude Include="TableCreateCsv.h">
      <Filter>Private Header Files</Filter>
    </ClInclude>
    <ClInclude Include="CompiledPerfectHashTableIndexRoutines.h">
      <Filter>Private Header Files %28Auto-Generated%29</Filter>
    </ClInclude>
  </ItemGroup>
  <ItemGroup>
    <None Include="PerfectHash.def">
      <Filter>Resource Files</Filter>
    </None>
  </ItemGroup>
  <ItemGroup Condition="'$(Platform)' == 'x64'">
    <MASM Include="PerfectHashTableFastIndexEx_x64_01.asm">
      <Filter>Source Files</Filter>
    </MASM>
    <MASM Include="RtlCopyPages_x64.asm">
      <Filter>Source Files</Filter>
    </MASM>
    <MASM Include="RtlFillPages_x64.asm">
      <Filter>Source Files</Filter>
    </MASM>
  </ItemGroup>
  <ItemGroup>
    <ResourceCompile Include="PerfectHash.rc">
      <Filter>Resource Files</Filter>
    </ResourceCompile>
  </ItemGroup>
  <ItemGroup>
    <MASM Include="PerfectHashTableFastIndexEx_x64_01.asm">
      <Filter>Source Files</Filter>
    </MASM>
    <MASM Include="RtlCopyPages_x64.asm">
      <Filter>Source Files</Filter>
    </MASM>
    <MASM Include="RtlFillPages_x64.asm">
      <Filter>Source Files</Filter>
    </MASM>
  </ItemGroup>
</Project>
