<?xml version="1.0" encoding="utf-8"?>
<Project ToolsVersion="14.0" xmlns="http://schemas.microsoft.com/developer/msbuild/2003">
  <ItemGroup>
    <Filter Include="Resource Files">
      <UniqueIdentifier>{FF4861D8-3241-4CE3-8BD8-FDDDF64615B4}</UniqueIdentifier>
      <Extensions>rc;ico;cur;bmp;dlg;rc2;rct;bin;rgs;gif;jpg;jpeg;jpe;resx;tga;tiff;tif;png;wav;mfcribbon-ms</Extensions>
    </Filter>
    <Filter Include="Source Files">
      <UniqueIdentifier>{2A6D6AF5-7D40-4157-A09D-8FAF8EAECE92}</UniqueIdentifier>
    </Filter>
    <Filter Include="Private Header Files">
      <UniqueIdentifier>{4092B02B-0708-4760-936B-0A5B66A60704}</UniqueIdentifier>
    </Filter>
    <Filter Include="Public Header Files">
      <UniqueIdentifier>{f54d8165-140c-47c4-8d6d-fe7fcce97b78}</UniqueIdentifier>
    </Filter>
  </ItemGroup>
  <ItemGroup>
    <ClCompile Include="PerfectHashTableConstants.c">
      <Filter>Source Files</Filter>
    </ClCompile>
    <ClCompile Include="stdafx.c">
      <Filter>Source Files</Filter>
    </ClCompile>
    <ClCompile Include="PerfectHashTableAllocator.c">
      <Filter>Source Files</Filter>
    </ClCompile>
    <ClCompile Include="Chm_01.c">
      <Filter>Source Files</Filter>
    </ClCompile>
    <ClCompile Include="PerfectHashTableHash.c">
      <Filter>Source Files</Filter>
    </ClCompile>
    <ClCompile Include="PerfectHashTableLookup.c">
      <Filter>Source Files</Filter>
    </ClCompile>
    <ClCompile Include="PerfectHashTableMask.c">
      <Filter>Source Files</Filter>
    </ClCompile>
    <ClCompile Include="PerfectHashTableInsert.c">
      <Filter>Source Files</Filter>
    </ClCompile>
    <ClCompile Include="PerfectHashTablePrime.c">
      <Filter>Source Files</Filter>
    </ClCompile>
    <ClCompile Include="PerfectHashTableDelete.c">
      <Filter>Source Files</Filter>
    </ClCompile>
    <ClCompile Include="PerfectHashTableNames.c">
      <Filter>Source Files</Filter>
    </ClCompile>
    <ClCompile Include="Component.c">
      <Filter>Source Files</Filter>
    </ClCompile>
    <ClCompile Include="Rtl.c">
      <Filter>Source Files</Filter>
    </ClCompile>
    <ClCompile Include="SymbolLoader.c">
      <Filter>Source Files</Filter>
    </ClCompile>
    <ClCompile Include="PerfectHashTableContext.c">
      <Filter>Source Files</Filter>
    </ClCompile>
    <ClCompile Include="PerfectHashTableContextCreateTable.c">
      <Filter>Source Files</Filter>
    </ClCompile>
    <ClCompile Include="RtlPrivilege.c">
      <Filter>Source Files</Filter>
    </ClCompile>
    <ClCompile Include="RtlRandomObjectNames.c">
      <Filter>Source Files</Filter>
    </ClCompile>
    <ClCompile Include="PerfectHashTableContextSelfTest.c">
      <Filter>Source Files</Filter>
    </ClCompile>
    <ClCompile Include="PerfectHashTableLoad.c">
      <Filter>Source Files</Filter>
    </ClCompile>
    <ClCompile Include="PerfectHashTableKeysLoad.c">
      <Filter>Source Files</Filter>
    </ClCompile>
    <ClCompile Include="PerfectHashTableKeys.c">
      <Filter>Source Files</Filter>
    </ClCompile>
    <ClCompile Include="PerfectHashTableTls.c">
      <Filter>Source Files</Filter>
    </ClCompile>
    <ClCompile Include="RtlBuffers.c">
      <Filter>Source Files</Filter>
    </ClCompile>
    <ClCompile Include="RtlLargePages.c">
      <Filter>Source Files</Filter>
    </ClCompile>
    <ClCompile Include="RtlOutput.c">
      <Filter>Source Files</Filter>
    </ClCompile>
    <ClCompile Include="PerfectHashTableTest.c">
      <Filter>Source Files</Filter>
    </ClCompile>
    <ClCompile Include="dllmain.c">
      <Filter>Source Files</Filter>
    </ClCompile>
  </ItemGroup>
  <ItemGroup>
    <ClInclude Include="PerfectHashTableConstants.h">
      <Filter>Private Header Files</Filter>
    </ClInclude>
    <ClInclude Include="PerfectHashTablePrivate.h">
      <Filter>Private Header Files</Filter>
    </ClInclude>
    <ClInclude Include="targetver.h">
      <Filter>Private Header Files</Filter>
    </ClInclude>
    <ClInclude Include="stdafx.h">
      <Filter>Private Header Files</Filter>
    </ClInclude>
    <ClInclude Include="Chm_01.h">
      <Filter>Private Header Files</Filter>
    </ClInclude>
    <ClInclude Include="PerfectHashTablePrime.h">
      <Filter>Private Header Files</Filter>
    </ClInclude>
    <ClInclude Include="..\..\include\PerfectHashTable.h">
      <Filter>Public Header Files</Filter>
    </ClInclude>
    <ClInclude Include="Rtl.h">
      <Filter>Private Header Files</Filter>
    </ClInclude>
    <ClInclude Include="Component.h">
      <Filter>Private Header Files</Filter>
    </ClInclude>
    <ClInclude Include="PerfectHashTableAllocator.h">
      <Filter>Private Header Files</Filter>
    </ClInclude>
    <ClInclude Include="PerfectHashTableContext.h">
      <Filter>Private Header Files</Filter>
    </ClInclude>
    <ClInclude Include="PerfectHashTableKeys.h">
      <Filter>Private Header Files</Filter>
    </ClInclude>
    <ClInclude Include="RtlOutput.h">
      <Filter>Private Header Files</Filter>
    </ClInclude>
  </ItemGroup>
  <ItemGroup>
    <None Include="PerfectHashTable.def">
      <Filter>Resource Files</Filter>
    </None>
  </ItemGroup>
  <ItemGroup>
    <MASM Include="PerfectHashTableFastIndexEx_x64_01.asm">
      <Filter>Source Files</Filter>
    </MASM>
  </ItemGroup>
</Project>