
Microsoft Visual Studio Solution File, Format Version 12.00
# Visual Studio Version 17
VisualStudioVersion = 17.4.33122.133
MinimumVisualStudioVersion = 10.0.40219.1
Project("{2150E333-8FDC-42A3-9474-1A3956D46DE8}") = "Solution Items", "Solution Items", "{A70C4C43-F7F1-4D59-8478-3DA0797E362C}"
	ProjectSection(SolutionItems) = preProject
		PerfectHash.props = PerfectHash.props
	EndProjectSection
EndProject
Project("{8BC9CEB8-8B4A-11D0-8D11-00A0C91BC942}") = "PerfectHash", "PerfectHash\PerfectHash.vcxproj", "{14D9F1FD-1EC4-47FF-BF73-3868ED05FEB8}"
	ProjectSection(ProjectDependencies) = postProject
		{B9EF04DA-0AD9-45C4-97B0-857A13AA4850} = {B9EF04DA-0AD9-45C4-97B0-857A13AA4850}
	EndProjectSection
EndProject
Project("{2150E333-8FDC-42A3-9474-1A3956D46DE8}") = "DGML", "DGML", "{09D12683-B8BD-4B77-8970-6C35A0137613}"
	ProjectSection(SolutionItems) = preProject
		..\dgml\Graph Solving Callback Callstack.dgml = ..\dgml\Graph Solving Callback Callstack.dgml
	EndProjectSection
EndProject
Project("{8BC9CEB8-8B4A-11D0-8D11-00A0C91BC942}") = "PerfectHashBulkCreateExe", "PerfectHashBulkCreateExe\PerfectHashBulkCreateExe.vcxproj", "{657E2B26-19CD-4B71-A70E-8B037B815F87}"
	ProjectSection(ProjectDependencies) = postProject
		{14D9F1FD-1EC4-47FF-BF73-3868ED05FEB8} = {14D9F1FD-1EC4-47FF-BF73-3868ED05FEB8}
	EndProjectSection
EndProject
Project("{8BC9CEB8-8B4A-11D0-8D11-00A0C91BC942}") = "PerfectHashCreateExe", "PerfectHashCreateExe\PerfectHashCreateExe.vcxproj", "{244D25EC-A8AA-4AAD-A66C-D64AFA836CAE}"
	ProjectSection(ProjectDependencies) = postProject
		{14D9F1FD-1EC4-47FF-BF73-3868ED05FEB8} = {14D9F1FD-1EC4-47FF-BF73-3868ED05FEB8}
	EndProjectSection
EndProject
Project("{8BC9CEB8-8B4A-11D0-8D11-00A0C91BC942}") = "PerfectHashServerExe", "PerfectHashServerExe\PerfectHashServerExe.vcxproj", "{B269AB7F-EF35-490A-B66D-031E431C4481}"
	ProjectSection(ProjectDependencies) = postProject
		{14D9F1FD-1EC4-47FF-BF73-3868ED05FEB8} = {14D9F1FD-1EC4-47FF-BF73-3868ED05FEB8}
	EndProjectSection
EndProject
Project("{8BC9CEB8-8B4A-11D0-8D11-00A0C91BC942}") = "PerfectHashClientExe", "PerfectHashClientExe\PerfectHashClientExe.vcxproj", "{EC0BFDD4-B3C5-4932-BB90-ED4D5D942198}"
	ProjectSection(ProjectDependencies) = postProject
		{14D9F1FD-1EC4-47FF-BF73-3868ED05FEB8} = {14D9F1FD-1EC4-47FF-BF73-3868ED05FEB8}
	EndProjectSection
EndProject
Project("{8BC9CEB8-8B4A-11D0-8D11-00A0C91BC942}") = "FunctionHook", "FunctionHook\FunctionHook.vcxproj", "{B9EF04DA-0AD9-45C4-97B0-857A13AA4850}"
EndProject
EndProject
Global
	GlobalSection(SolutionConfigurationPlatforms) = preSolution
		Debug|x64 = Debug|x64
		PGInstrument|x64 = PGInstrument|x64
		PGOptimize|x64 = PGOptimize|x64
		PGUpdate|x64 = PGUpdate|x64
		Release|x64 = Release|x64
	EndGlobalSection
	GlobalSection(ProjectConfigurationPlatforms) = postSolution
		{14D9F1FD-1EC4-47FF-BF73-3868ED05FEB8}.Debug|x64.ActiveCfg = Debug|x64
		{14D9F1FD-1EC4-47FF-BF73-3868ED05FEB8}.Debug|x64.Build.0 = Debug|x64
		{14D9F1FD-1EC4-47FF-BF73-3868ED05FEB8}.PGInstrument|x64.ActiveCfg = PGInstrument|x64
		{14D9F1FD-1EC4-47FF-BF73-3868ED05FEB8}.PGInstrument|x64.Build.0 = PGInstrument|x64
		{14D9F1FD-1EC4-47FF-BF73-3868ED05FEB8}.PGOptimize|x64.ActiveCfg = PGOptimize|x64
		{14D9F1FD-1EC4-47FF-BF73-3868ED05FEB8}.PGOptimize|x64.Build.0 = PGOptimize|x64
		{14D9F1FD-1EC4-47FF-BF73-3868ED05FEB8}.PGUpdate|x64.ActiveCfg = PGUpdate|x64
		{14D9F1FD-1EC4-47FF-BF73-3868ED05FEB8}.PGUpdate|x64.Build.0 = PGUpdate|x64
		{14D9F1FD-1EC4-47FF-BF73-3868ED05FEB8}.Release|x64.ActiveCfg = Release|x64
		{14D9F1FD-1EC4-47FF-BF73-3868ED05FEB8}.Release|x64.Build.0 = Release|x64
		{657E2B26-19CD-4B71-A70E-8B037B815F87}.Debug|x64.ActiveCfg = Debug|x64
		{657E2B26-19CD-4B71-A70E-8B037B815F87}.Debug|x64.Build.0 = Debug|x64
		{657E2B26-19CD-4B71-A70E-8B037B815F87}.PGInstrument|x64.ActiveCfg = PGInstrument|x64
		{657E2B26-19CD-4B71-A70E-8B037B815F87}.PGInstrument|x64.Build.0 = PGInstrument|x64
		{657E2B26-19CD-4B71-A70E-8B037B815F87}.PGOptimize|x64.ActiveCfg = PGOptimize|x64
		{657E2B26-19CD-4B71-A70E-8B037B815F87}.PGOptimize|x64.Build.0 = PGOptimize|x64
		{657E2B26-19CD-4B71-A70E-8B037B815F87}.PGUpdate|x64.ActiveCfg = PGUpdate|x64
		{657E2B26-19CD-4B71-A70E-8B037B815F87}.PGUpdate|x64.Build.0 = PGUpdate|x64
		{657E2B26-19CD-4B71-A70E-8B037B815F87}.Release|x64.ActiveCfg = Release|x64
		{657E2B26-19CD-4B71-A70E-8B037B815F87}.Release|x64.Build.0 = Release|x64
		{244D25EC-A8AA-4AAD-A66C-D64AFA836CAE}.Debug|x64.ActiveCfg = Debug|x64
		{244D25EC-A8AA-4AAD-A66C-D64AFA836CAE}.Debug|x64.Build.0 = Debug|x64
		{244D25EC-A8AA-4AAD-A66C-D64AFA836CAE}.PGInstrument|x64.ActiveCfg = PGInstrument|x64
		{244D25EC-A8AA-4AAD-A66C-D64AFA836CAE}.PGInstrument|x64.Build.0 = PGInstrument|x64
		{244D25EC-A8AA-4AAD-A66C-D64AFA836CAE}.PGOptimize|x64.ActiveCfg = PGOptimize|x64
		{244D25EC-A8AA-4AAD-A66C-D64AFA836CAE}.PGOptimize|x64.Build.0 = PGOptimize|x64
		{244D25EC-A8AA-4AAD-A66C-D64AFA836CAE}.PGUpdate|x64.ActiveCfg = PGUpdate|x64
		{244D25EC-A8AA-4AAD-A66C-D64AFA836CAE}.PGUpdate|x64.Build.0 = PGUpdate|x64
		{244D25EC-A8AA-4AAD-A66C-D64AFA836CAE}.Release|x64.ActiveCfg = Release|x64
		{244D25EC-A8AA-4AAD-A66C-D64AFA836CAE}.Release|x64.Build.0 = Release|x64
		{B269AB7F-EF35-490A-B66D-031E431C4481}.Debug|x64.ActiveCfg = Debug|x64
		{B269AB7F-EF35-490A-B66D-031E431C4481}.Debug|x64.Build.0 = Debug|x64
		{B269AB7F-EF35-490A-B66D-031E431C4481}.PGInstrument|x64.ActiveCfg = PGInstrument|x64
		{B269AB7F-EF35-490A-B66D-031E431C4481}.PGInstrument|x64.Build.0 = PGInstrument|x64
		{B269AB7F-EF35-490A-B66D-031E431C4481}.PGOptimize|x64.ActiveCfg = PGOptimize|x64
		{B269AB7F-EF35-490A-B66D-031E431C4481}.PGOptimize|x64.Build.0 = PGOptimize|x64
		{B269AB7F-EF35-490A-B66D-031E431C4481}.PGUpdate|x64.ActiveCfg = PGUpdate|x64
		{B269AB7F-EF35-490A-B66D-031E431C4481}.PGUpdate|x64.Build.0 = PGUpdate|x64
		{B269AB7F-EF35-490A-B66D-031E431C4481}.Release|x64.ActiveCfg = Release|x64
		{B269AB7F-EF35-490A-B66D-031E431C4481}.Release|x64.Build.0 = Release|x64
		{EC0BFDD4-B3C5-4932-BB90-ED4D5D942198}.Debug|x64.ActiveCfg = Debug|x64
		{EC0BFDD4-B3C5-4932-BB90-ED4D5D942198}.Debug|x64.Build.0 = Debug|x64
		{EC0BFDD4-B3C5-4932-BB90-ED4D5D942198}.PGInstrument|x64.ActiveCfg = PGInstrument|x64
		{EC0BFDD4-B3C5-4932-BB90-ED4D5D942198}.PGInstrument|x64.Build.0 = PGInstrument|x64
		{EC0BFDD4-B3C5-4932-BB90-ED4D5D942198}.PGOptimize|x64.ActiveCfg = PGOptimize|x64
		{EC0BFDD4-B3C5-4932-BB90-ED4D5D942198}.PGOptimize|x64.Build.0 = PGOptimize|x64
		{EC0BFDD4-B3C5-4932-BB90-ED4D5D942198}.PGUpdate|x64.ActiveCfg = PGUpdate|x64
		{EC0BFDD4-B3C5-4932-BB90-ED4D5D942198}.PGUpdate|x64.Build.0 = PGUpdate|x64
		{EC0BFDD4-B3C5-4932-BB90-ED4D5D942198}.Release|x64.ActiveCfg = Release|x64
		{EC0BFDD4-B3C5-4932-BB90-ED4D5D942198}.Release|x64.Build.0 = Release|x64
		{B9EF04DA-0AD9-45C4-97B0-857A13AA4850}.Debug|x64.ActiveCfg = Debug|x64
		{B9EF04DA-0AD9-45C4-97B0-857A13AA4850}.Debug|x64.Build.0 = Debug|x64
		{B9EF04DA-0AD9-45C4-97B0-857A13AA4850}.PGInstrument|x64.ActiveCfg = PGInstrument|x64
		{B9EF04DA-0AD9-45C4-97B0-857A13AA4850}.PGInstrument|x64.Build.0 = PGInstrument|x64
		{B9EF04DA-0AD9-45C4-97B0-857A13AA4850}.PGOptimize|x64.ActiveCfg = PGOptimize|x64
		{B9EF04DA-0AD9-45C4-97B0-857A13AA4850}.PGOptimize|x64.Build.0 = PGOptimize|x64
		{B9EF04DA-0AD9-45C4-97B0-857A13AA4850}.PGUpdate|x64.ActiveCfg = PGUpdate|x64
		{B9EF04DA-0AD9-45C4-97B0-857A13AA4850}.PGUpdate|x64.Build.0 = PGUpdate|x64
		{B9EF04DA-0AD9-45C4-97B0-857A13AA4850}.Release|x64.ActiveCfg = Release|x64
		{B9EF04DA-0AD9-45C4-97B0-857A13AA4850}.Release|x64.Build.0 = Release|x64
	EndGlobalSection
	GlobalSection(SolutionProperties) = preSolution
		HideSolutionNode = FALSE
	EndGlobalSection
	GlobalSection(ExtensibilityGlobals) = postSolution
		SolutionGuid = {0F202CA9-8660-448A-9F9D-105589BB11F9}
	EndGlobalSection
EndGlobal
